
Microsoft Visual Studio Solution File, Format Version 12.00
# Visual Studio 15
VisualStudioVersion = 15.0.27004.2005
MinimumVisualStudioVersion = 10.0.40219.1
Project("{FAE04EC0-301F-11D3-BF4B-00C04F79EFBC}") = "BillPayments", "BillPayments\BillPayments.csproj", "{02497E00-B879-45C7-A9FA-3C0F9C8CFDFD}"
EndProject
Global
	GlobalSection(SolutionConfigurationPlatforms) = preSolution
		Debug|Any CPU = Debug|Any CPU
		Release|Any CPU = Release|Any CPU
	EndGlobalSection
	GlobalSection(ProjectConfigurationPlatforms) = postSolution
		{02497E00-B879-45C7-A9FA-3C0F9C8CFDFD}.Debug|Any CPU.ActiveCfg = Debug|Any CPU
		{02497E00-B879-45C7-A9FA-3C0F9C8CFDFD}.Debug|Any CPU.Build.0 = Debug|Any CPU
		{02497E00-B879-45C7-A9FA-3C0F9C8CFDFD}.Release|Any CPU.ActiveCfg = Release|Any CPU
		{02497E00-B879-45C7-A9FA-3C0F9C8CFDFD}.Release|Any CPU.Build.0 = Release|Any CPU
	EndGlobalSection
	GlobalSection(SolutionProperties) = preSolution
		HideSolutionNode = FALSE
	EndGlobalSection
	GlobalSection(ExtensibilityGlobals) = postSolution
		SolutionGuid = {62CEB217-F0BB-49D7-81E6-6A7F626371DF}
	EndGlobalSection
EndGlobal
